
Microsoft Visual Studio Solution File, Format Version 12.00
# Visual Studio 15
VisualStudioVersion = 15.0.26730.16
MinimumVisualStudioVersion = 10.0.40219.1
Project("{FAE04EC0-301F-11D3-BF4B-00C04F79EFBC}") = "索引器", "索引器\索引器.csproj", "{A279CEA9-8D24-4A6B-A010-FE0CA3533D80}"
EndProject
Global
	GlobalSection(SolutionConfigurationPlatforms) = preSolution
		Debug|Any CPU = Debug|Any CPU
		Release|Any CPU = Release|Any CPU
	EndGlobalSection
	GlobalSection(ProjectConfigurationPlatforms) = postSolution
		{A279CEA9-8D24-4A6B-A010-FE0CA3533D80}.Debug|Any CPU.ActiveCfg = Debug|Any CPU
		{A279CEA9-8D24-4A6B-A010-FE0CA3533D80}.Debug|Any CPU.Build.0 = Debug|Any CPU
		{A279CEA9-8D24-4A6B-A010-FE0CA3533D80}.Release|Any CPU.ActiveCfg = Release|Any CPU
		{A279CEA9-8D24-4A6B-A010-FE0CA3533D80}.Release|Any CPU.Build.0 = Release|Any CPU
	EndGlobalSection
	GlobalSection(SolutionProperties) = preSolution
		HideSolutionNode = FALSE
	EndGlobalSection
	GlobalSection(ExtensibilityGlobals) = postSolution
		SolutionGuid = {8E94837F-D988-420A-A5D9-90F474526C31}
	EndGlobalSection
EndGlobal
